
Microsoft Visual Studio Solution File, Format Version 12.00
# Visual Studio Version 17
VisualStudioVersion = 17.6.34302.98
MinimumVisualStudioVersion = 10.0.40219.1
Project("{9092AA53-FB77-4645-B42D-1CCCA6BD08BD}") = "Birotyapp-Auth", "Birotyapp-Auth.njsproj", "{AE099834-9AE6-41B7-B046-0CF345FEC977}"
EndProject
Global
	GlobalSection(SolutionConfigurationPlatforms) = preSolution
		Debug|Any CPU = Debug|Any CPU
		Release|Any CPU = Release|Any CPU
	EndGlobalSection
	GlobalSection(ProjectConfigurationPlatforms) = postSolution
		{AE099834-9AE6-41B7-B046-0CF345FEC977}.Debug|Any CPU.ActiveCfg = Debug|Any CPU
		{AE099834-9AE6-41B7-B046-0CF345FEC977}.Debug|Any CPU.Build.0 = Debug|Any CPU
		{AE099834-9AE6-41B7-B046-0CF345FEC977}.Release|Any CPU.ActiveCfg = Release|Any CPU
		{AE099834-9AE6-41B7-B046-0CF345FEC977}.Release|Any CPU.Build.0 = Release|Any CPU
	EndGlobalSection
	GlobalSection(SolutionProperties) = preSolution
		HideSolutionNode = FALSE
	EndGlobalSection
	GlobalSection(ExtensibilityGlobals) = postSolution
		SolutionGuid = {E9150062-EF17-43B1-AB5F-1F4C4DC7B03B}
	EndGlobalSection
EndGlobal
